Microsoft Visual Studio Solution File, Format Version 12.00
# Visual Studio 15
VisualStudioVersion = 15.0.27130.2010
MinimumVisualStudioVersion = 10.0.40219.1
Project("{FAE04EC0-301F-11D3-BF4B-00C04F79EFBC}") = "EW.Mods.Common", "EW.Mods.Common\EW.Mods.Common.csproj", "{971CD67F-D10D-4DA6-939A-09CE9A52CDF9}"
EndProject
Project("{FAE04EC0-301F-11D3-BF4B-00C04F79EFBC}") = "Eluant", "..\Eluant\Eluant\Eluant.csproj", "{D4CFD952-4EDC-421D-84A5-998688815124}"
EndProject
Project("{FAE04EC0-301F-11D3-BF4B-00C04F79EFBC}") = "EW.Framework.Android", "EW.Framework.Android\EW.Framework.Android.csproj", "{6D95A620-D0D0-4B0C-B1EE-AB9F61BCC201}"
EndProject
Project("{FAE04EC0-301F-11D3-BF4B-00C04F79EFBC}") = "EW.GameLaunch", "EW.GameLaunch\EW.GameLaunch.csproj", "{9F9D263C-B62E-4F93-B18A-0AA9376DCEE4}"
EndProject
Project("{9344BDBB-3E7F-41FC-A0DD-8665D75EE146}") = "EW.Mods.Cnc", "EW.Mods.Cnc\EW.Mods.Cnc.csproj", "{1DE4426C-931B-4669-B721-654FAE0A4131}"
EndProject
Project("{9344BDBB-3E7F-41FC-A0DD-8665D75EE146}") = "EW.Test", "EW.Test\EW.Test.csproj", "{B1B89F74-FC24-4CB3-8F36-08BE8E27ABFD}"
EndProject
Global
	GlobalSection(SolutionConfigurationPlatforms) = preSolution
		Debug|Any CPU = Debug|Any CPU
		Debug|x86 = Debug|x86
		Release|Any CPU = Release|Any CPU
		Release|x86 = Release|x86
	EndGlobalSection
	GlobalSection(ProjectConfigurationPlatforms) = postSolution
		{971CD67F-D10D-4DA6-939A-09CE9A52CDF9}.Debug|Any CPU.ActiveCfg = Debug|Any CPU
		{971CD67F-D10D-4DA6-939A-09CE9A52CDF9}.Debug|Any CPU.Build.0 = Debug|Any CPU
		{971CD67F-D10D-4DA6-939A-09CE9A52CDF9}.Debug|x86.ActiveCfg = Debug|Any CPU
		{971CD67F-D10D-4DA6-939A-09CE9A52CDF9}.Debug|x86.Build.0 = Debug|Any CPU
		{971CD67F-D10D-4DA6-939A-09CE9A52CDF9}.Release|Any CPU.ActiveCfg = Release|Any CPU
		{971CD67F-D10D-4DA6-939A-09CE9A52CDF9}.Release|Any CPU.Build.0 = Release|Any CPU
		{971CD67F-D10D-4DA6-939A-09CE9A52CDF9}.Release|x86.ActiveCfg = Release|Any CPU
		{971CD67F-D10D-4DA6-939A-09CE9A52CDF9}.Release|x86.Build.0 = Release|Any CPU
		{D4CFD952-4EDC-421D-84A5-998688815124}.Debug|Any CPU.ActiveCfg = Debug|Any CPU
		{D4CFD952-4EDC-421D-84A5-998688815124}.Debug|Any CPU.Build.0 = Debug|Any CPU
		{D4CFD952-4EDC-421D-84A5-998688815124}.Debug|x86.ActiveCfg = Debug|Any CPU
		{D4CFD952-4EDC-421D-84A5-998688815124}.Debug|x86.Build.0 = Debug|Any CPU
		{D4CFD952-4EDC-421D-84A5-998688815124}.Release|Any CPU.ActiveCfg = Release|Any CPU
		{D4CFD952-4EDC-421D-84A5-998688815124}.Release|Any CPU.Build.0 = Release|Any CPU
		{D4CFD952-4EDC-421D-84A5-998688815124}.Release|x86.ActiveCfg = Release|Any CPU
		{D4CFD952-4EDC-421D-84A5-998688815124}.Release|x86.Build.0 = Release|Any CPU
		{6D95A620-D0D0-4B0C-B1EE-AB9F61BCC201}.Debug|Any CPU.ActiveCfg = Debug|Any CPU
		{6D95A620-D0D0-4B0C-B1EE-AB9F61BCC201}.Debug|Any CPU.Build.0 = Debug|Any CPU
		{6D95A620-D0D0-4B0C-B1EE-AB9F61BCC201}.Debug|x86.ActiveCfg = Debug|Any CPU
		{6D95A620-D0D0-4B0C-B1EE-AB9F61BCC201}.Debug|x86.Build.0 = Debug|Any CPU
		{6D95A620-D0D0-4B0C-B1EE-AB9F61BCC201}.Release|Any CPU.ActiveCfg = Release|Any CPU
		{6D95A620-D0D0-4B0C-B1EE-AB9F61BCC201}.Release|Any CPU.Build.0 = Release|Any CPU
		{6D95A620-D0D0-4B0C-B1EE-AB9F61BCC201}.Release|x86.ActiveCfg = Release|Any CPU
		{6D95A620-D0D0-4B0C-B1EE-AB9F61BCC201}.Release|x86.Build.0 = Release|Any CPU
		{9F9D263C-B62E-4F93-B18A-0AA9376DCEE4}.Debug|Any CPU.ActiveCfg = Debug|Any CPU
		{9F9D263C-B62E-4F93-B18A-0AA9376DCEE4}.Debug|Any CPU.Build.0 = Debug|Any CPU
		{9F9D263C-B62E-4F93-B18A-0AA9376DCEE4}.Debug|Any CPU.Deploy.0 = Debug|Any CPU
		{9F9D263C-B62E-4F93-B18A-0AA9376DCEE4}.Debug|x86.ActiveCfg = Debug|Any CPU
		{9F9D263C-B62E-4F93-B18A-0AA9376DCEE4}.Debug|x86.Build.0 = Debug|Any CPU
		{9F9D263C-B62E-4F93-B18A-0AA9376DCEE4}.Debug|x86.Deploy.0 = Debug|Any CPU
		{9F9D263C-B62E-4F93-B18A-0AA9376DCEE4}.Release|Any CPU.ActiveCfg = Release|Any CPU
		{9F9D263C-B62E-4F93-B18A-0AA9376DCEE4}.Release|Any CPU.Build.0 = Release|Any CPU
		{9F9D263C-B62E-4F93-B18A-0AA9376DCEE4}.Release|Any CPU.Deploy.0 = Release|Any CPU
		{9F9D263C-B62E-4F93-B18A-0AA9376DCEE4}.Release|x86.ActiveCfg = Release|Any CPU
		{9F9D263C-B62E-4F93-B18A-0AA9376DCEE4}.Release|x86.Build.0 = Release|Any CPU
		{9F9D263C-B62E-4F93-B18A-0AA9376DCEE4}.Release|x86.Deploy.0 = Release|Any CPU
		{1DE4426C-931B-4669-B721-654FAE0A4131}.Debug|Any CPU.ActiveCfg = Debug|Any CPU
		{1DE4426C-931B-4669-B721-654FAE0A4131}.Debug|Any CPU.Build.0 = Debug|Any CPU
		{1DE4426C-931B-4669-B721-654FAE0A4131}.Debug|x86.ActiveCfg = Debug|Any CPU
		{1DE4426C-931B-4669-B721-654FAE0A4131}.Debug|x86.Build.0 = Debug|Any CPU
		{1DE4426C-931B-4669-B721-654FAE0A4131}.Release|Any CPU.ActiveCfg = Release|Any CPU
		{1DE4426C-931B-4669-B721-654FAE0A4131}.Release|Any CPU.Build.0 = Release|Any CPU
		{1DE4426C-931B-4669-B721-654FAE0A4131}.Release|x86.ActiveCfg = Release|Any CPU
		{1DE4426C-931B-4669-B721-654FAE0A4131}.Release|x86.Build.0 = Release|Any CPU
		{B1B89F74-FC24-4CB3-8F36-08BE8E27ABFD}.Debug|Any CPU.ActiveCfg = Debug|Any CPU
		{B1B89F74-FC24-4CB3-8F36-08BE8E27ABFD}.Debug|Any CPU.Build.0 = Debug|Any CPU
		{B1B89F74-FC24-4CB3-8F36-08BE8E27ABFD}.Debug|Any CPU.Deploy.0 = Debug|Any CPU
		{B1B89F74-FC24-4CB3-8F36-08BE8E27ABFD}.Debug|x86.ActiveCfg = Debug|Any CPU
		{B1B89F74-FC24-4CB3-8F36-08BE8E27ABFD}.Debug|x86.Build.0 = Debug|Any CPU
		{B1B89F74-FC24-4CB3-8F36-08BE8E27ABFD}.Debug|x86.Deploy.0 = Debug|Any CPU
		{B1B89F74-FC24-4CB3-8F36-08BE8E27ABFD}.Release|Any CPU.ActiveCfg = Release|Any CPU
		{B1B89F74-FC24-4CB3-8F36-08BE8E27ABFD}.Release|Any CPU.Build.0 = Release|Any CPU
		{B1B89F74-FC24-4CB3-8F36-08BE8E27ABFD}.Release|Any CPU.Deploy.0 = Release|Any CPU
		{B1B89F74-FC24-4CB3-8F36-08BE8E27ABFD}.Release|x86.ActiveCfg = Release|Any CPU
		{B1B89F74-FC24-4CB3-8F36-08BE8E27ABFD}.Release|x86.Build.0 = Release|Any CPU
		{B1B89F74-FC24-4CB3-8F36-08BE8E27ABFD}.Release|x86.Deploy.0 = Release|Any CPU
	EndGlobalSection
	GlobalSection(SolutionProperties) = preSolution
		HideSolutionNode = FALSE
	EndGlobalSection
	GlobalSection(ExtensibilityGlobals) = postSolution
		SolutionGuid = {6AB7678B-5D2B-4A5A-80A8-D2E81A624056}
	EndGlobalSection
EndGlobal
