Microsoft Visual Studio Solution File, Format Version 12.00
# Visual Studio 15
VisualStudioVersion = 15.0.26430.14
MinimumVisualStudioVersion = 10.0.40219.1
Project("{FAE04EC0-301F-11D3-BF4B-00C04F79EFBC}") = "EW.Mods.Common", "EW.Mods.Common\EW.Mods.Common.csproj", "{971CD67F-D10D-4DA6-939A-09CE9A52CDF9}"
EndProject
Project("{FAE04EC0-301F-11D3-BF4B-00C04F79EFBC}") = "EW.Mods.Cnc", "EW.Mods.Cnc\EW.Mods.Cnc.csproj", "{7CCAA17F-A67B-4EA9-BB1E-D843AFB23BC9}"
EndProject
Project("{FAE04EC0-301F-11D3-BF4B-00C04F79EFBC}") = "EW.Xna.Platforms", "EW.Xna.Platforms\EW.Xna.Platforms.csproj", "{62338638-3D8A-4E57-969E-1C82298C0649}"
EndProject
Project("{FAE04EC0-301F-11D3-BF4B-00C04F79EFBC}") = "EW.GameCenter", "EW.GameCenter\EW.GameCenter.csproj", "{9F9D263C-B62E-4F93-B18A-0AA9376DCEE4}"
EndProject
Project("{FAE04EC0-301F-11D3-BF4B-00C04F79EFBC}") = "Eluant", "..\Eluant\Eluant\Eluant.csproj", "{D4CFD952-4EDC-421D-84A5-998688815124}"
EndProject
Global
	GlobalSection(SolutionConfigurationPlatforms) = preSolution
		Debug|Any CPU = Debug|Any CPU
		Debug|x86 = Debug|x86
		Release|Any CPU = Release|Any CPU
		Release|x86 = Release|x86
	EndGlobalSection
	GlobalSection(ProjectConfigurationPlatforms) = postSolution
		{971CD67F-D10D-4DA6-939A-09CE9A52CDF9}.Debug|Any CPU.ActiveCfg = Debug|Any CPU
		{971CD67F-D10D-4DA6-939A-09CE9A52CDF9}.Debug|Any CPU.Build.0 = Debug|Any CPU
		{971CD67F-D10D-4DA6-939A-09CE9A52CDF9}.Debug|x86.ActiveCfg = Debug|Any CPU
		{971CD67F-D10D-4DA6-939A-09CE9A52CDF9}.Debug|x86.Build.0 = Debug|Any CPU
		{971CD67F-D10D-4DA6-939A-09CE9A52CDF9}.Release|Any CPU.ActiveCfg = Release|Any CPU
		{971CD67F-D10D-4DA6-939A-09CE9A52CDF9}.Release|Any CPU.Build.0 = Release|Any CPU
		{971CD67F-D10D-4DA6-939A-09CE9A52CDF9}.Release|x86.ActiveCfg = Release|Any CPU
		{971CD67F-D10D-4DA6-939A-09CE9A52CDF9}.Release|x86.Build.0 = Release|Any CPU
		{7CCAA17F-A67B-4EA9-BB1E-D843AFB23BC9}.Debug|Any CPU.ActiveCfg = Debug|Any CPU
		{7CCAA17F-A67B-4EA9-BB1E-D843AFB23BC9}.Debug|Any CPU.Build.0 = Debug|Any CPU
		{7CCAA17F-A67B-4EA9-BB1E-D843AFB23BC9}.Debug|x86.ActiveCfg = Debug|Any CPU
		{7CCAA17F-A67B-4EA9-BB1E-D843AFB23BC9}.Debug|x86.Build.0 = Debug|Any CPU
		{7CCAA17F-A67B-4EA9-BB1E-D843AFB23BC9}.Release|Any CPU.ActiveCfg = Release|Any CPU
		{7CCAA17F-A67B-4EA9-BB1E-D843AFB23BC9}.Release|Any CPU.Build.0 = Release|Any CPU
		{7CCAA17F-A67B-4EA9-BB1E-D843AFB23BC9}.Release|x86.ActiveCfg = Release|Any CPU
		{7CCAA17F-A67B-4EA9-BB1E-D843AFB23BC9}.Release|x86.Build.0 = Release|Any CPU
		{62338638-3D8A-4E57-969E-1C82298C0649}.Debug|Any CPU.ActiveCfg = Debug|Any CPU
		{62338638-3D8A-4E57-969E-1C82298C0649}.Debug|Any CPU.Build.0 = Debug|Any CPU
		{62338638-3D8A-4E57-969E-1C82298C0649}.Debug|x86.ActiveCfg = Debug|Any CPU
		{62338638-3D8A-4E57-969E-1C82298C0649}.Debug|x86.Build.0 = Debug|Any CPU
		{62338638-3D8A-4E57-969E-1C82298C0649}.Release|Any CPU.ActiveCfg = Release|Any CPU
		{62338638-3D8A-4E57-969E-1C82298C0649}.Release|Any CPU.Build.0 = Release|Any CPU
		{62338638-3D8A-4E57-969E-1C82298C0649}.Release|x86.ActiveCfg = Release|Any CPU
		{62338638-3D8A-4E57-969E-1C82298C0649}.Release|x86.Build.0 = Release|Any CPU
		{9F9D263C-B62E-4F93-B18A-0AA9376DCEE4}.Debug|Any CPU.ActiveCfg = Debug|Any CPU
		{9F9D263C-B62E-4F93-B18A-0AA9376DCEE4}.Debug|Any CPU.Build.0 = Debug|Any CPU
		{9F9D263C-B62E-4F93-B18A-0AA9376DCEE4}.Debug|Any CPU.Deploy.0 = Debug|Any CPU
		{9F9D263C-B62E-4F93-B18A-0AA9376DCEE4}.Debug|x86.ActiveCfg = Debug|Any CPU
		{9F9D263C-B62E-4F93-B18A-0AA9376DCEE4}.Debug|x86.Build.0 = Debug|Any CPU
		{9F9D263C-B62E-4F93-B18A-0AA9376DCEE4}.Debug|x86.Deploy.0 = Debug|Any CPU
		{9F9D263C-B62E-4F93-B18A-0AA9376DCEE4}.Release|Any CPU.ActiveCfg = Release|Any CPU
		{9F9D263C-B62E-4F93-B18A-0AA9376DCEE4}.Release|Any CPU.Build.0 = Release|Any CPU
		{9F9D263C-B62E-4F93-B18A-0AA9376DCEE4}.Release|x86.ActiveCfg = Release|Any CPU
		{9F9D263C-B62E-4F93-B18A-0AA9376DCEE4}.Release|x86.Build.0 = Release|Any CPU
		{D4CFD952-4EDC-421D-84A5-998688815124}.Debug|Any CPU.ActiveCfg = Debug|Any CPU
		{D4CFD952-4EDC-421D-84A5-998688815124}.Debug|Any CPU.Build.0 = Debug|Any CPU
		{D4CFD952-4EDC-421D-84A5-998688815124}.Debug|x86.ActiveCfg = Debug|Any CPU
		{D4CFD952-4EDC-421D-84A5-998688815124}.Debug|x86.Build.0 = Debug|Any CPU
		{D4CFD952-4EDC-421D-84A5-998688815124}.Release|Any CPU.ActiveCfg = Release|Any CPU
		{D4CFD952-4EDC-421D-84A5-998688815124}.Release|Any CPU.Build.0 = Release|Any CPU
		{D4CFD952-4EDC-421D-84A5-998688815124}.Release|x86.ActiveCfg = Release|Any CPU
		{D4CFD952-4EDC-421D-84A5-998688815124}.Release|x86.Build.0 = Release|Any CPU
	EndGlobalSection
	GlobalSection(SolutionProperties) = preSolution
		HideSolutionNode = FALSE
	EndGlobalSection
EndGlobal
